// !$*UTF8*$!
{
	archiveVersion = 1;
	classes = {
	};
	objectVersion = 50;
	objects = {

/* Begin PBXBuildFile section */
		4742C639240D7879002489CD /* AppDelegate.swift in Sources */ = {isa = PBXBuildFile; fileRef = 4742C638240D7879002489CD /* AppDelegate.swift */; };
		4742C63B240D7879002489CD /* SceneDelegate.swift in Sources */ = {isa = PBXBuildFile; fileRef = 4742C63A240D7879002489CD /* SceneDelegate.swift */; };
		4742C63D240D7879002489CD /* FirstViewController.swift in Sources */ = {isa = PBXBuildFile; fileRef = 4742C63C240D7879002489CD /* FirstViewController.swift */; };
		4742C63F240D7879002489CD /* SecondViewController.swift in Sources */ = {isa = PBXBuildFile; fileRef = 4742C63E240D7879002489CD /* SecondViewController.swift */; };
		4742C642240D7879002489CD /* Main.storyboard in Resources */ = {isa = PBXBuildFile; fileRef = 4742C640240D7879002489CD /* Main.storyboard */; };
		4742C644240D7879002489CD /* Assets.xcassets in Resources */ = {isa = PBXBuildFile; fileRef = 4742C643240D7879002489CD /* Assets.xcassets */; };
		4742C647240D7879002489CD /* LaunchScreen.storyboard in Resources */ = {isa = PBXBuildFile; fileRef = 4742C645240D7879002489CD /* LaunchScreen.storyboard */; };
/* End PBXBuildFile section */

/* Begin PBXFileReference section */
		4742C635240D7879002489CD /* Ritaj-Edu.app */ = {isa = PBXFileReference; explicitFileType = wrapper.application; includeInIndex = 0; path = "Ritaj-Edu.app"; sourceTree = BUILT_PRODUCTS_DIR; };
		4742C638240D7879002489CD /* AppDelegate.swift */ = {isa = PBXFileReference; lastKnownFileType = sourcecode.swift; path = AppDelegate.swift; sourceTree = "<group>"; };
		4742C63A240D7879002489CD /* SceneDelegate.swift */ = {isa = PBXFileReference; lastKnownFileType = sourcecode.swift; path = SceneDelegate.swift; sourceTree = "<group>"; };
		4742C63C240D7879002489CD /* FirstViewController.swift */ = {isa = PBXFileReference; lastKnownFileType = sourcecode.swift; path = FirstViewController.swift; sourceTree = "<group>"; };
		4742C63E240D7879002489CD /* SecondViewController.swift */ = {isa = PBXFileReference; lastKnownFileType = sourcecode.swift; path = SecondViewController.swift; sourceTree = "<group>"; };
		4742C641240D7879002489CD /* Base */ = {isa = PBXFileReference; lastKnownFileType = file.storyboard; name = Base; path = Base.lproj/Main.storyboard; sourceTree = "<group>"; };
		4742C643240D7879002489CD /* Assets.xcassets */ = {isa = PBXFileReference; lastKnownFileType = folder.assetcatalog; path = Assets.xcassets; sourceTree = "<group>"; };
		4742C646240D7879002489CD /* Base */ = {isa = PBXFileReference; lastKnownFileType = file.storyboard; name = Base; path = Base.lproj/LaunchScreen.storyboard; sourceTree = "<group>"; };
		4742C648240D7879002489CD /* Info.plist */ = {isa = PBXFileReference; lastKnownFileType = text.plist.xml; path = Info.plist; sourceTree = "<group>"; };
/* End PBXFileReference section */

/* Begin PBXFrameworksBuildPhase section */
		4742C632240D7879002489CD /* Frameworks */ = {
			isa = PBXFrameworksBuildPhase;
			buildActionMask = 2147483647;
			files = (
			);
			runOnlyForDeploymentPostprocessing = 0;
		};
/* End PBXFrameworksBuildPhase section */

/* Begin PBXGroup section */
		4742C62C240D7879002489CD = {
			isa = PBXGroup;
			children = (
				4742C637240D7879002489CD /* Ritaj-Edu */,
				4742C636240D7879002489CD /* Products */,
			);
			sourceTree = "<group>";
		};
		4742C636240D7879002489CD /* Products */ = {
			isa = PBXGroup;
			children = (
				4742C635240D7879002489CD /* Ritaj-Edu.app */,
			);
			name = Products;
			sourceTree = "<group>";
		};
		4742C637240D7879002489CD /* Ritaj-Edu */ = {
			isa = PBXGroup;
			children = (
				4742C638240D7879002489CD /* AppDelegate.swift */,
				4742C63A240D7879002489CD /* SceneDelegate.swift */,
				4742C63C240D7879002489CD /* FirstViewController.swift */,
				4742C63E240D7879002489CD /* SecondViewController.swift */,
				4742C640240D7879002489CD /* Main.storyboard */,
				4742C643240D7879002489CD /* Assets.xcassets */,
				4742C645240D7879002489CD /* LaunchScreen.storyboard */,
				4742C648240D7879002489CD /* Info.plist */,
			);
			path = "Ritaj-Edu";
			sourceTree = "<group>";
		};
/* End PBXGroup section */

/* Begin PBXNativeTarget section */
		4742C634240D7879002489CD /* Ritaj-Edu */ = {
			isa = PBXNativeTarget;
			buildConfigurationList = 4742C64B240D7879002489CD /* Build configuration list for PBXNativeTarget "Ritaj-Edu" */;
			buildPhases = (
				4742C631240D7879002489CD /* Sources */,
				4742C632240D7879002489CD /* Frameworks */,
				4742C633240D7879002489CD /* Resources */,
			);
			buildRules = (
			);
			dependencies = (
			);
			name = "Ritaj-Edu";
			productName = "Ritaj-Edu";
			productReference = 4742C635240D7879002489CD /* Ritaj-Edu.app */;
			productType = "com.apple.product-type.application";
		};
/* End PBXNativeTarget section */

/* Begin PBXProject section */
		4742C62D240D7879002489CD /* Project object */ = {
			isa = PBXProject;
			attributes = {
				LastSwiftUpdateCheck = 1130;
				LastUpgradeCheck = 1130;
				ORGANIZATIONNAME = "tarek bahie";
				TargetAttributes = {
					4742C634240D7879002489CD = {
						CreatedOnToolsVersion = 11.3.1;
					};
				};
			};
			buildConfigurationList = 4742C630240D7879002489CD /* Build configuration list for PBXProject "Ritaj-Edu" */;
			compatibilityVersion = "Xcode 9.3";
			developmentRegion = en;
			hasScannedForEncodings = 0;
			knownRegions = (
				en,
				Base,
			);
			mainGroup = 4742C62C240D7879002489CD;
			productRefGroup = 4742C636240D7879002489CD /* Products */;
			projectDirPath = "";
			projectRoot = "";
			targets = (
				4742C634240D7879002489CD /* Ritaj-Edu */,
			);
		};
/* End PBXProject section */

/* Begin PBXResourcesBuildPhase section */
		4742C633240D7879002489CD /* Resources */ = {
			isa = PBXResourcesBuildPhase;
			buildActionMask = 2147483647;
			files = (
				4742C647240D7879002489CD /* LaunchScreen.storyboard in Resources */,
				4742C644240D7879002489CD /* Assets.xcassets in Resources */,
				4742C642240D7879002489CD /* Main.storyboard in Resources */,
			);
			runOnlyForDeploymentPostprocessing = 0;
		};
/* End PBXResourcesBuildPhase section */

/* Begin PBXSourcesBuildPhase section */
		4742C631240D7879002489CD /* Sources */ = {
			isa = PBXSourcesBuildPhase;
			buildActionMask = 2147483647;
			files = (
				4742C63F240D7879002489CD /* SecondViewController.swift in Sources */,
				4742C63D240D7879002489CD /* FirstViewController.swift in Sources */,
				4742C639240D7879002489CD /* AppDelegate.swift in Sources */,
				4742C63B240D7879002489CD /* SceneDelegate.swift in Sources */,
			);
			runOnlyForDeploymentPostprocessing = 0;
		};
/* End PBXSourcesBuildPhase section */

/* Begin PBXVariantGroup section */
		4742C640240D7879002489CD /* Main.storyboard */ = {
			isa = PBXVariantGroup;
			children = (
				4742C641240D7879002489CD /* Base */,
			);
			name = Main.storyboard;
			sourceTree = "<group>";
		};
		4742C645240D7879002489CD /* LaunchScreen.storyboard */ = {
			isa = PBXVariantGroup;
			children = (
				4742C646240D7879002489CD /* Base */,
			);
			name = LaunchScreen.storyboard;
			sourceTree = "<group>";
		};
/* End PBXVariantGroup section */

/* Begin XCBuildConfiguration section */
		4742C649240D7879002489CD /* Debug */ = {
			isa = XCBuildConfiguration;
			buildSettings = {
				ALWAYS_SEARCH_USER_PATHS = NO;
				CLANG_ANALYZER_NONNULL = YES;
				CLANG_ANALYZER_NUMBER_OBJECT_CONVERSION = YES_AGGRESSIVE;
				CLANG_CXX_LANGUAGE_STANDARD = "gnu++14";
				CLANG_CXX_LIBRARY = "libc++";
				CLANG_ENABLE_MODULES = YES;
				CLANG_ENABLE_OBJC_ARC = YES;
				CLANG_ENABLE_OBJC_WEAK = YES;
				CLANG_WARN_BLOCK_CAPTURE_AUTORELEASING = YES;
				CLANG_WARN_BOOL_CONVERSION = YES;
				CLANG_WARN_COMMA = YES;
				CLANG_WARN_CONSTANT_CONVERSION = YES;
				CLANG_WARN_DEPRECATED_OBJC_IMPLEMENTATIONS = YES;
				CLANG_WARN_DIRECT_OBJC_ISA_USAGE = YES_ERROR;
				CLANG_WARN_DOCUMENTATION_COMMENTS = YES;
				CLANG_WARN_EMPTY_BODY = YES;
				CLANG_WARN_ENUM_CONVERSION = YES;
				CLANG_WARN_INFINITE_RECURSION = YES;
				CLANG_WARN_INT_CONVERSION = YES;
				CLANG_WARN_NON_LITERAL_NULL_CONVERSION = YES;
				CLANG_WARN_OBJC_IMPLICIT_RETAIN_SELF = YES;
				CLANG_WARN_OBJC_LITERAL_CONVERSION = YES;
				CLANG_WARN_OBJC_ROOT_CLASS = YES_ERROR;
				CLANG_WARN_RANGE_LOOP_ANALYSIS = YES;
				CLANG_WARN_STRICT_PROTOTYPES = YES;
				CLANG_WARN_SUSPICIOUS_MOVE = YES;
				CLANG_WARN_UNGUARDED_AVAILABILITY = YES_AGGRESSIVE;
				CLANG_WARN_UNREACHABLE_CODE = YES;
				CLANG_WARN__DUPLICATE_METHOD_MATCH = YES;
				COPY_PHASE_STRIP = NO;
				DEBUG_INFORMATION_FORMAT = dwarf;
				ENABLE_STRICT_OBJC_MSGSEND = YES;
				ENABLE_TESTABILITY = YES;
				GCC_C_LANGUAGE_STANDARD = gnu11;
				GCC_DYNAMIC_NO_PIC = NO;
				GCC_NO_COMMON_BLOCKS = YES;
				GCC_OPTIMIZATION_LEVEL = 0;
				GCC_PREPROCESSOR_DEFINITIONS = (
					"DEBUG=1",
					"$(inherited)",
				);
				GCC_WARN_64_TO_32_BIT_CONVERSION = YES;
				GCC_WARN_ABOUT_RETURN_TYPE = YES_ERROR;
				GCC_WARN_UNDECLARED_SELECTOR = YES;
				GCC_WARN_UNINITIALIZED_AUTOS = YES_AGGRESSIVE;
				GCC_WARN_UNUSED_FUNCTION = YES;
				GCC_WARN_UNUSED_VARIABLE = YES;
				IPHONEOS_DEPLOYMENT_TARGET = 13.2;
				MTL_ENABLE_DEBUG_INFO = INCLUDE_SOURCE;
				MTL_FAST_MATH = YES;
				ONLY_ACTIVE_ARCH = YES;
				SDKROOT = iphoneos;
				SWIFT_ACTIVE_COMPILATION_CONDITIONS = DEBUG;
				SWIFT_OPTIMIZATION_LEVEL = "-Onone";
			};
			name = Debug;
		};
		4742C64A240D7879002489CD /* Release */ = {
			isa = XCBuildConfiguration;
			buildSettings = {
				ALWAYS_SEARCH_USER_PATHS = NO;
				CLANG_ANALYZER_NONNULL = YES;
				CLANG_ANALYZER_NUMBER_OBJECT_CONVERSION = YES_AGGRESSIVE;
				CLANG_CXX_LANGUAGE_STANDARD = "gnu++14";
				CLANG_CXX_LIBRARY = "libc++";
				CLANG_ENABLE_MODULES = YES;
				CLANG_ENABLE_OBJC_ARC = YES;
				CLANG_ENABLE_OBJC_WEAK = YES;
				CLANG_WARN_BLOCK_CAPTURE_AUTORELEASING = YES;
				CLANG_WARN_BOOL_CONVERSION = YES;
				CLANG_WARN_COMMA = YES;
				CLANG_WARN_CONSTANT_CONVERSION = YES;
				CLANG_WARN_DEPRECATED_OBJC_IMPLEMENTATIONS = YES;
				CLANG_WARN_DIRECT_OBJC_ISA_USAGE = YES_ERROR;
				CLANG_WARN_DOCUMENTATION_COMMENTS = YES;
				CLANG_WARN_EMPTY_BODY = YES;
				CLANG_WARN_ENUM_CONVERSION = YES;
				CLANG_WARN_INFINITE_RECURSION = YES;
				CLANG_WARN_INT_CONVERSION = YES;
				CLANG_WARN_NON_LITERAL_NULL_CONVERSION = YES;
				CLANG_WARN_OBJC_IMPLICIT_RETAIN_SELF = YES;
				CLANG_WARN_OBJC_LITERAL_CONVERSION = YES;
				CLANG_WARN_OBJC_ROOT_CLASS = YES_ERROR;
				CLANG_WARN_RANGE_LOOP_ANALYSIS = YES;
				CLANG_WARN_STRICT_PROTOTYPES = YES;
				CLANG_WARN_SUSPICIOUS_MOVE = YES;
				CLANG_WARN_UNGUARDED_AVAILABILITY = YES_AGGRESSIVE;
				CLANG_WARN_UNREACHABLE_CODE = YES;
				CLANG_WARN__DUPLICATE_METHOD_MATCH = YES;
				COPY_PHASE_STRIP = NO;
				DEBUG_INFORMATION_FORMAT = "dwarf-with-dsym";
				ENABLE_NS_ASSERTIONS = NO;
				ENABLE_STRICT_OBJC_MSGSEND = YES;
				GCC_C_LANGUAGE_STANDARD = gnu11;
				GCC_NO_COMMON_BLOCKS = YES;
				GCC_WARN_64_TO_32_BIT_CONVERSION = YES;
				GCC_WARN_ABOUT_RETURN_TYPE = YES_ERROR;
				GCC_WARN_UNDECLARED_SELECTOR = YES;
				GCC_WARN_UNINITIALIZED_AUTOS = YES_AGGRESSIVE;
				GCC_WARN_UNUSED_FUNCTION = YES;
				GCC_WARN_UNUSED_VARIABLE = YES;
				IPHONEOS_DEPLOYMENT_TARGET = 13.2;
				MTL_ENABLE_DEBUG_INFO = NO;
				MTL_FAST_MATH = YES;
				SDKROOT = iphoneos;
				SWIFT_COMPILATION_MODE = wholemodule;
				SWIFT_OPTIMIZATION_LEVEL = "-O";
				VALIDATE_PRODUCT = YES;
			};
			name = Release;
		};
		4742C64C240D7879002489CD /* Debug */ = {
			isa = XCBuildConfiguration;
			buildSettings = {
				ASSETCATALOG_COMPILER_APPICON_NAME = AppIcon;
				CODE_SIGN_STYLE = Automatic;
				DEVELOPMENT_TEAM = S4F5694RS5;
				INFOPLIST_FILE = "Ritaj-Edu/Info.plist";
				LD_RUNPATH_SEARCH_PATHS = (
					"$(inherited)",
					"@executable_path/Frameworks",
				);
				PRODUCT_BUNDLE_IDENTIFIER = "com.bahie.Ritaj-Edu";
				PRODUCT_NAME = "$(TARGET_NAME)";
				SWIFT_VERSION = 5.0;
				TARGETED_DEVICE_FAMILY = "1,2";
			};
			name = Debug;
		};
		4742C64D240D7879002489CD /* Release */ = {
			isa = XCBuildConfiguration;
			buildSettings = {
				ASSETCATALOG_COMPILER_APPICON_NAME = AppIcon;
				CODE_SIGN_STYLE = Automatic;
				DEVELOPMENT_TEAM = S4F5694RS5;
				INFOPLIST_FILE = "Ritaj-Edu/Info.plist";
				LD_RUNPATH_SEARCH_PATHS = (
					"$(inherited)",
					"@executable_path/Frameworks",
				);
				PRODUCT_BUNDLE_IDENTIFIER = "com.bahie.Ritaj-Edu";
				PRODUCT_NAME = "$(TARGET_NAME)";
				SWIFT_VERSION = 5.0;
				TARGETED_DEVICE_FAMILY = "1,2";
			};
			name = Release;
		};
/* End XCBuildConfiguration section */

/* Begin XCConfigurationList section */
		4742C630240D7879002489CD /* Build configuration list for PBXProject "Ritaj-Edu" */ = {
			isa = XCConfigurationList;
			buildConfigurations = (
				4742C649240D7879002489CD /* Debug */,
				4742C64A240D7879002489CD /* Release */,
			);
			defaultConfigurationIsVisible = 0;
			defaultConfigurationName = Release;
		};
		4742C64B240D7879002489CD /* Build configuration list for PBXNativeTarget "Ritaj-Edu" */ = {
			isa = XCConfigurationList;
			buildConfigurations = (
				4742C64C240D7879002489CD /* Debug */,
				4742C64D240D7879002489CD /* Release */,
			);
			defaultConfigurationIsVisible = 0;
			defaultConfigurationName = Release;
		};
/* End XCConfigurationList section */
	};
	rootObject = 4742C62D240D7879002489CD /* Project object */;
}
